<?xml version="1.0" encoding="utf-8"?>
<Project ToolsVersion="4.0" xmlns="http://schemas.microsoft.com/developer/msbuild/2003">
  <ItemGroup>
    <ClCompile Include="..\src\common\core.c">
      <Filter>common</Filter>
    </ClCompile>
	<ClCompile Include="..\src\common\console.c">
      <Filter>common</Filter>
    </ClCompile>
    <ClCompile Include="..\src\common\memmgr.c">
      <Filter>common</Filter>
    </ClCompile>
    <ClCompile Include="..\src\common\showmsg.c">
      <Filter>common</Filter>
    </ClCompile>
    <ClCompile Include="..\src\common\strlib.c">
      <Filter>common</Filter>
    </ClCompile>
    <ClCompile Include="..\src\common\sysinfo.c">
      <Filter>common</Filter>
    </ClCompile>
    <ClCompile Include="..\src\common\utils.c">
      <Filter>common</Filter>
    </ClCompile>
    <ClCompile Include="..\src\common\nullpo.c">
      <Filter>common</Filter>
    </ClCompile>
    <ClCompile Include="..\3rdparty\libconfig\grammar.c">
      <Filter>3rdparty\libconfig</Filter>
    </ClCompile>
    <ClCompile Include="..\3rdparty\libconfig\libconfig.c">
      <Filter>3rdparty\libconfig</Filter>
    </ClCompile>
    <ClCompile Include="..\3rdparty\libconfig\scanctx.c">
      <Filter>3rdparty\libconfig</Filter>
    </ClCompile>
    <ClCompile Include="..\3rdparty\libconfig\scanner.c">
      <Filter>3rdparty\libconfig</Filter>
    </ClCompile>
    <ClCompile Include="..\3rdparty\libconfig\strbuf.c">
      <Filter>3rdparty\libconfig</Filter>
    </ClCompile>
    <ClCompile Include="..\src\tool\conversor.c">
      <Filter>conversor</Filter>
    </ClCompile>
  </ItemGroup>
  <ItemGroup>
    <ClInclude Include="..\src\common\cbasetypes.h">
      <Filter>common</Filter>
    </ClInclude>
    <ClInclude Include="..\src\common\core.h">
      <Filter>common</Filter>
    </ClInclude>
    <ClInclude Include="..\src\common\console.h">
      <Filter>common</Filter>
    </ClInclude>
    <ClInclude Include="..\src\common\memmgr.h">
      <Filter>common</Filter>
    </ClInclude>
    <ClInclude Include="..\src\common\mmo.h">
      <Filter>common</Filter>
    </ClInclude>
    <ClInclude Include="..\src\common\showmsg.h">
      <Filter>common</Filter>
    </ClInclude>
    <ClInclude Include="..\src\common\strlib.h">
      <Filter>common</Filter>
    </ClInclude>
    <ClInclude Include="..\src\common\sysinfo.h">
      <Filter>common</Filter>
    </ClInclude>
    <ClInclude Include="..\src\common\utils.h">
      <Filter>common</Filter>
    </ClInclude>
    <ClInclude Include="..\src\common\winapi.h">
      <Filter>common</Filter>
    </ClInclude>
    <ClInclude Include="..\src\common\nullpo.h">
      <Filter>common</Filter>
    </ClInclude>
    <ClInclude Include="..\3rdparty\libconfig\grammar.h">
      <Filter>3rdparty\libconfig</Filter>
    </ClInclude>
    <ClInclude Include="..\3rdparty\libconfig\libconfig.h">
      <Filter>3rdparty\libconfig</Filter>
    </ClInclude>
    <ClInclude Include="..\3rdparty\libconfig\parsectx.h">
      <Filter>3rdparty\libconfig</Filter>
    </ClInclude>
    <ClInclude Include="..\3rdparty\libconfig\scanctx.h">
      <Filter>3rdparty\libconfig</Filter>
    </ClInclude>
    <ClInclude Include="..\3rdparty\libconfig\scanner.h">
      <Filter>3rdparty\libconfig</Filter>
    </ClInclude>
    <ClInclude Include="..\3rdparty\libconfig\strbuf.h">
      <Filter>3rdparty\libconfig</Filter>
    </ClInclude>
    <ClInclude Include="..\3rdparty\libconfig\wincompat.h">
      <Filter>3rdparty\libconfig</Filter>
    </ClInclude>
  </ItemGroup>
  <ItemGroup>
    <Filter Include="common">
      <UniqueIdentifier>{5219a902-08fc-4003-8776-1259ffbda1b7}</UniqueIdentifier>
    </Filter>
    <Filter Include="conversor">
      <UniqueIdentifier>{f29e485c-2c87-4b57-b738-059778f33852}</UniqueIdentifier>
    </Filter>
    <Filter Include="3rdparty\libconfig">
      <UniqueIdentifier>{0d9d1e91-eeb1-4920-ae5a-b246c86a522c}</UniqueIdentifier>
    </Filter>
  </ItemGroup>
</Project>